
Microsoft Visual Studio Solution File, Format Version 12.00
# Visual Studio Version 17
VisualStudioVersion = 17.0.31903.59
MinimumVisualStudioVersion = 10.0.40219.1
Project("{FAE04EC0-301F-11D3-BF4B-00C04F79EFBC}") = "IRF_Unit_testing_1123", "IRF_Unit_testing_1123\IRF_Unit_testing_1123.csproj", "{611404BB-F104-45BD-AB29-18AF3272E009}"
EndProject
Global
	GlobalSection(SolutionConfigurationPlatforms) = preSolution
		Debug|Any CPU = Debug|Any CPU
		Release|Any CPU = Release|Any CPU
	EndGlobalSection
	GlobalSection(ProjectConfigurationPlatforms) = postSolution
		{611404BB-F104-45BD-AB29-18AF3272E009}.Debug|Any CPU.ActiveCfg = Debug|Any CPU
		{611404BB-F104-45BD-AB29-18AF3272E009}.Debug|Any CPU.Build.0 = Debug|Any CPU
		{611404BB-F104-45BD-AB29-18AF3272E009}.Release|Any CPU.ActiveCfg = Release|Any CPU
		{611404BB-F104-45BD-AB29-18AF3272E009}.Release|Any CPU.Build.0 = Release|Any CPU
	EndGlobalSection
	GlobalSection(SolutionProperties) = preSolution
		HideSolutionNode = FALSE
	EndGlobalSection
	GlobalSection(ExtensibilityGlobals) = postSolution
		SolutionGuid = {A1B45061-C565-472D-880E-3FFDA532D0D1}
	EndGlobalSection
EndGlobal
