
Microsoft Visual Studio Solution File, Format Version 12.00
# Visual Studio Version 17
VisualStudioVersion = 17.0.31903.59
MinimumVisualStudioVersion = 10.0.40219.1
Project("{FAE04EC0-301F-11D3-BF4B-00C04F79EFBC}") = "IRF_Evolutionary_Algorithm_1206", "IRF_Evolutionary_Algorithm_1206\IRF_Evolutionary_Algorithm_1206.csproj", "{78E30715-58C5-470E-895A-FEBD8E897D68}"
EndProject
Global
	GlobalSection(SolutionConfigurationPlatforms) = preSolution
		Debug|Any CPU = Debug|Any CPU
		Release|Any CPU = Release|Any CPU
	EndGlobalSection
	GlobalSection(ProjectConfigurationPlatforms) = postSolution
		{78E30715-58C5-470E-895A-FEBD8E897D68}.Debug|Any CPU.ActiveCfg = Debug|Any CPU
		{78E30715-58C5-470E-895A-FEBD8E897D68}.Debug|Any CPU.Build.0 = Debug|Any CPU
		{78E30715-58C5-470E-895A-FEBD8E897D68}.Release|Any CPU.ActiveCfg = Release|Any CPU
		{78E30715-58C5-470E-895A-FEBD8E897D68}.Release|Any CPU.Build.0 = Release|Any CPU
	EndGlobalSection
	GlobalSection(SolutionProperties) = preSolution
		HideSolutionNode = FALSE
	EndGlobalSection
	GlobalSection(ExtensibilityGlobals) = postSolution
		SolutionGuid = {EAC336CE-3D4A-4741-B3BA-00E4A2AFEECA}
	EndGlobalSection
EndGlobal
