
Microsoft Visual Studio Solution File, Format Version 12.00
# Visual Studio Version 16
VisualStudioVersion = 16.0.31702.278
MinimumVisualStudioVersion = 10.0.40219.1
Project("{FAE04EC0-301F-11D3-BF4B-00C04F79EFBC}") = "IRF_4_gyakorlat_ExcelGenerálás_20211002_KB_v01", "IRF_4_gyakorlat_ExcelGenerálás_20211002_KB_v01.csproj", "{27A2C245-5879-4BA0-9D6E-200247CAE0F5}"
EndProject
Global
	GlobalSection(SolutionConfigurationPlatforms) = preSolution
		Debug|Any CPU = Debug|Any CPU
		Release|Any CPU = Release|Any CPU
	EndGlobalSection
	GlobalSection(ProjectConfigurationPlatforms) = postSolution
		{27A2C245-5879-4BA0-9D6E-200247CAE0F5}.Debug|Any CPU.ActiveCfg = Debug|Any CPU
		{27A2C245-5879-4BA0-9D6E-200247CAE0F5}.Debug|Any CPU.Build.0 = Debug|Any CPU
		{27A2C245-5879-4BA0-9D6E-200247CAE0F5}.Release|Any CPU.ActiveCfg = Release|Any CPU
		{27A2C245-5879-4BA0-9D6E-200247CAE0F5}.Release|Any CPU.Build.0 = Release|Any CPU
	EndGlobalSection
	GlobalSection(SolutionProperties) = preSolution
		HideSolutionNode = FALSE
	EndGlobalSection
	GlobalSection(ExtensibilityGlobals) = postSolution
		SolutionGuid = {02BF8CF6-0175-429C-8EE6-7D54337586E8}
	EndGlobalSection
EndGlobal
